<?xml version="1.0" encoding="utf-8"?>
<Project ToolsVersion="4.0" xmlns="http://schemas.microsoft.com/developer/msbuild/2003">
  <ItemGroup>
    <Filter Include="Исходные файлы">
      <UniqueIdentifier>{4FC737F1-C7A5-4376-A066-2A32D752A2FF}</UniqueIdentifier>
      <Extensions>cpp;c;cc;cxx;def;odl;idl;hpj;bat;asm;asmx</Extensions>
    </Filter>
    <Filter Include="Файлы заголовков">
      <UniqueIdentifier>{93995380-89BD-4b04-88EB-625FBE52EBFB}</UniqueIdentifier>
      <Extensions>h;hh;hpp;hxx;hm;inl;inc;ipp;xsd</Extensions>
    </Filter>
    <Filter Include="Файлы ресурсов">
      <UniqueIdentifier>{67DA6AB6-F800-4c08-8B7A-83BB121AAD01}</UniqueIdentifier>
      <Extensions>rc;ico;cur;bmp;dlg;rc2;rct;bin;rgs;gif;jpg;jpeg;jpe;resx;tiff;tif;png;wav;mfcribbon-ms</Extensions>
    </Filter>
    <Filter Include="Game">
      <UniqueIdentifier>{a2ac2f3b-91e8-4ff4-a00a-38afed2afd63}</UniqueIdentifier>
    </Filter>
    <Filter Include="PCH">
      <UniqueIdentifier>{ad8183d2-7d38-467c-a303-f9a462b42a83}</UniqueIdentifier>
    </Filter>
    <Filter Include="HitBoxComponent">
      <UniqueIdentifier>{9c05cd44-5d2b-4bcb-9385-1620e7fd524a}</UniqueIdentifier>
    </Filter>
    <Filter Include="AnimationComponent">
      <UniqueIdentifier>{324605c1-e450-48f5-b078-d235c4dafe6f}</UniqueIdentifier>
    </Filter>
    <Filter Include="Enemies">
      <UniqueIdentifier>{e5e9ddb9-3153-454c-966d-9ca50e990a5a}</UniqueIdentifier>
    </Filter>
    <Filter Include="Player">
      <UniqueIdentifier>{03e5b9e8-24ff-45e5-ac2c-8bfd99224fb1}</UniqueIdentifier>
    </Filter>
    <Filter Include="Map">
      <UniqueIdentifier>{c0407589-003d-4597-a452-8595b312c823}</UniqueIdentifier>
    </Filter>
  </ItemGroup>
  <ItemGroup>
    <ClCompile Include="main.cpp">
      <Filter>Исходные файлы</Filter>
    </ClCompile>
    <ClCompile Include="game.cpp">
      <Filter>Game</Filter>
    </ClCompile>
    <ClCompile Include="stdafx.cpp">
      <Filter>PCH</Filter>
    </ClCompile>
    <ClCompile Include="HitboxComponent.cpp">
      <Filter>HitBoxComponent</Filter>
    </ClCompile>
    <ClCompile Include="AnimationComponent.cpp">
      <Filter>AnimationComponent</Filter>
    </ClCompile>
    <ClCompile Include="enemy.cpp">
      <Filter>Enemies</Filter>
    </ClCompile>
    <ClCompile Include="map.cpp">
      <Filter>Map</Filter>
    </ClCompile>
    <ClCompile Include="player.cpp">
      <Filter>Player</Filter>
    </ClCompile>
  </ItemGroup>
  <ItemGroup>
    <ClInclude Include="game.h">
      <Filter>Game</Filter>
    </ClInclude>
    <ClInclude Include="stdafx.h">
      <Filter>PCH</Filter>
    </ClInclude>
    <ClInclude Include="HitboxComponent.h">
      <Filter>HitBoxComponent</Filter>
    </ClInclude>
    <ClInclude Include="AnimationComponent.h">
      <Filter>AnimationComponent</Filter>
    </ClInclude>
    <ClInclude Include="enemy.h">
      <Filter>Enemies</Filter>
    </ClInclude>
    <ClInclude Include="map.h">
      <Filter>Map</Filter>
    </ClInclude>
    <ClInclude Include="player.h">
      <Filter>Player</Filter>
    </ClInclude>
  </ItemGroup>
</Project>