<?xml version="1.0" encoding="utf-8"?>
<Project ToolsVersion="4.0" xmlns="http://schemas.microsoft.com/developer/msbuild/2003">
  <ItemGroup>
    <Filter Include="Game">
      <UniqueIdentifier>{a2ac2f3b-91e8-4ff4-a00a-38afed2afd63}</UniqueIdentifier>
    </Filter>
    <Filter Include="PCH">
      <UniqueIdentifier>{ad8183d2-7d38-467c-a303-f9a462b42a83}</UniqueIdentifier>
    </Filter>
    <Filter Include="HitBoxComponent">
      <UniqueIdentifier>{9c05cd44-5d2b-4bcb-9385-1620e7fd524a}</UniqueIdentifier>
    </Filter>
    <Filter Include="AnimationComponent">
      <UniqueIdentifier>{324605c1-e450-48f5-b078-d235c4dafe6f}</UniqueIdentifier>
    </Filter>
    <Filter Include="Player">
      <UniqueIdentifier>{03e5b9e8-24ff-45e5-ac2c-8bfd99224fb1}</UniqueIdentifier>
    </Filter>
    <Filter Include="Map">
      <UniqueIdentifier>{c0407589-003d-4597-a452-8595b312c823}</UniqueIdentifier>
    </Filter>
    <Filter Include="Ghosts">
      <UniqueIdentifier>{f56a256d-1a80-4e21-95f8-7dd9bb3fd8fd}</UniqueIdentifier>
    </Filter>
    <Filter Include="Ghosts\Blinky">
      <UniqueIdentifier>{3d2507a9-2d11-4242-9342-14820f751067}</UniqueIdentifier>
    </Filter>
    <Filter Include="Ghosts\Clyde">
      <UniqueIdentifier>{ba284ea2-0dcb-45d6-9352-822cfdf377c5}</UniqueIdentifier>
    </Filter>
    <Filter Include="Ghosts\Pinky">
      <UniqueIdentifier>{e227363a-91cd-4029-9752-6fade47e1823}</UniqueIdentifier>
    </Filter>
    <Filter Include="Ghosts\Inky">
      <UniqueIdentifier>{93bac898-6ee3-4baa-9b62-767dcf228cc3}</UniqueIdentifier>
    </Filter>
    <Filter Include="Entity">
      <UniqueIdentifier>{e5e9ddb9-3153-454c-966d-9ca50e990a5a}</UniqueIdentifier>
    </Filter>
    <Filter Include="GUI">
      <UniqueIdentifier>{dfd84019-023f-4ea9-8ec9-bf8bb843c004}</UniqueIdentifier>
    </Filter>
    <Filter Include="States">
      <UniqueIdentifier>{1cb46ff1-c9e8-4967-a84c-111c360d2d6b}</UniqueIdentifier>
    </Filter>
    <Filter Include="States\GameState">
      <UniqueIdentifier>{c20c6458-11bd-46fc-a41e-d1664c6b49ff}</UniqueIdentifier>
    </Filter>
    <Filter Include="States\MenuState">
      <UniqueIdentifier>{edd817e6-efcd-4e73-a5bd-9515de4041fc}</UniqueIdentifier>
    </Filter>
    <Filter Include="SoundManager">
      <UniqueIdentifier>{b9cf6ada-cc51-4528-9089-67f1e83636c3}</UniqueIdentifier>
    </Filter>
    <Filter Include="PauseMenu">
      <UniqueIdentifier>{8a56a1cf-f6f8-4d63-bc5a-73266c9af9eb}</UniqueIdentifier>
    </Filter>
    <Filter Include="TextTag">
      <UniqueIdentifier>{cf8a6eb6-46f5-49cd-bc35-fcc50f1c337d}</UniqueIdentifier>
    </Filter>
    <Filter Include="States\RecordState">
      <UniqueIdentifier>{f66c31a3-b7b5-474c-89bf-e97b9806aa34}</UniqueIdentifier>
    </Filter>
    <Filter Include="States\SettingsState">
      <UniqueIdentifier>{8cc31f9b-18d2-4978-9675-6105a9f62ee7}</UniqueIdentifier>
    </Filter>
  </ItemGroup>
  <ItemGroup>
    <ClCompile Include="game.cpp">
      <Filter>Game</Filter>
    </ClCompile>
    <ClCompile Include="stdafx.cpp">
      <Filter>PCH</Filter>
    </ClCompile>
    <ClCompile Include="HitboxComponent.cpp">
      <Filter>HitBoxComponent</Filter>
    </ClCompile>
    <ClCompile Include="AnimationComponent.cpp">
      <Filter>AnimationComponent</Filter>
    </ClCompile>
    <ClCompile Include="map.cpp">
      <Filter>Map</Filter>
    </ClCompile>
    <ClCompile Include="player.cpp">
      <Filter>Player</Filter>
    </ClCompile>
    <ClCompile Include="entity.cpp">
      <Filter>Entity</Filter>
    </ClCompile>
    <ClCompile Include="blinky.cpp">
      <Filter>Ghosts\Blinky</Filter>
    </ClCompile>
    <ClCompile Include="clyde.cpp">
      <Filter>Ghosts\Clyde</Filter>
    </ClCompile>
    <ClCompile Include="pinky.cpp">
      <Filter>Ghosts\Pinky</Filter>
    </ClCompile>
    <ClCompile Include="ghost.cpp">
      <Filter>Ghosts</Filter>
    </ClCompile>
    <ClCompile Include="inky.cpp">
      <Filter>Ghosts\Inky</Filter>
    </ClCompile>
    <ClCompile Include="state.cpp">
      <Filter>States</Filter>
    </ClCompile>
    <ClCompile Include="gameState.cpp">
      <Filter>States\GameState</Filter>
    </ClCompile>
    <ClCompile Include="gui.cpp">
      <Filter>GUI</Filter>
    </ClCompile>
    <ClCompile Include="menuState.cpp">
      <Filter>States\MenuState</Filter>
    </ClCompile>
    <ClCompile Include="soundManager.cpp">
      <Filter>SoundManager</Filter>
    </ClCompile>
    <ClCompile Include="pauseMenu.cpp">
      <Filter>PauseMenu</Filter>
    </ClCompile>
    <ClCompile Include="main.cpp" />
    <ClCompile Include="textTag.cpp">
      <Filter>TextTag</Filter>
    </ClCompile>
    <ClCompile Include="recordState.cpp">
      <Filter>States\RecordState</Filter>
    </ClCompile>
    <ClCompile Include="settingsState.cpp">
      <Filter>States\SettingsState</Filter>
    </ClCompile>
  </ItemGroup>
  <ItemGroup>
    <ClInclude Include="game.h">
      <Filter>Game</Filter>
    </ClInclude>
    <ClInclude Include="stdafx.h">
      <Filter>PCH</Filter>
    </ClInclude>
    <ClInclude Include="HitboxComponent.h">
      <Filter>HitBoxComponent</Filter>
    </ClInclude>
    <ClInclude Include="AnimationComponent.h">
      <Filter>AnimationComponent</Filter>
    </ClInclude>
    <ClInclude Include="map.h">
      <Filter>Map</Filter>
    </ClInclude>
    <ClInclude Include="player.h">
      <Filter>Player</Filter>
    </ClInclude>
    <ClInclude Include="entity.h">
      <Filter>Entity</Filter>
    </ClInclude>
    <ClInclude Include="blinky.h">
      <Filter>Ghosts\Blinky</Filter>
    </ClInclude>
    <ClInclude Include="clyde.h">
      <Filter>Ghosts\Clyde</Filter>
    </ClInclude>
    <ClInclude Include="pinky.h">
      <Filter>Ghosts\Pinky</Filter>
    </ClInclude>
    <ClInclude Include="ghost.h">
      <Filter>Ghosts</Filter>
    </ClInclude>
    <ClInclude Include="inky.h">
      <Filter>Ghosts\Inky</Filter>
    </ClInclude>
    <ClInclude Include="state.h">
      <Filter>States</Filter>
    </ClInclude>
    <ClInclude Include="gameState.h">
      <Filter>States\GameState</Filter>
    </ClInclude>
    <ClInclude Include="gui.h">
      <Filter>GUI</Filter>
    </ClInclude>
    <ClInclude Include="menuState.h">
      <Filter>States\MenuState</Filter>
    </ClInclude>
    <ClInclude Include="soundManager.h">
      <Filter>SoundManager</Filter>
    </ClInclude>
    <ClInclude Include="pauseMenu.h">
      <Filter>PauseMenu</Filter>
    </ClInclude>
    <ClInclude Include="textTag.h">
      <Filter>TextTag</Filter>
    </ClInclude>
    <ClInclude Include="recordState.h">
      <Filter>States\RecordState</Filter>
    </ClInclude>
    <ClInclude Include="settingsState.h">
      <Filter>States\SettingsState</Filter>
    </ClInclude>
    <ClInclude Include="resource.h" />
  </ItemGroup>
  <ItemGroup>
    <ResourceCompile Include="Pac-Man C++.rc" />
  </ItemGroup>
  <ItemGroup>
    <Image Include="icon1.ico" />
  </ItemGroup>
</Project>